
Microsoft Visual Studio Solution File, Format Version 12.00
# Visual Studio Version 16
VisualStudioVersion = 16.0.30309.148
MinimumVisualStudioVersion = 10.0.40219.1
Project("{9A19103F-16F7-4668-BE54-9A1E7A4F7556}") = "HotelManagerSystemv2", "HotelManagerSystemv2\HotelManagerSystemv2.csproj", "{12101DFC-C0FA-4ED1-862C-5D80AD55BAC4}"
EndProject
Project("{FAE04EC0-301F-11D3-BF4B-00C04F79EFBC}") = "XUnitTest", "XUnitTest\XUnitTest.csproj", "{20FC5DD0-30E2-4925-A357-BD4B64D6AEB2}"
EndProject
Global
	GlobalSection(SolutionConfigurationPlatforms) = preSolution
		Debug|Any CPU = Debug|Any CPU
		Release|Any CPU = Release|Any CPU
	EndGlobalSection
	GlobalSection(ProjectConfigurationPlatforms) = postSolution
		{12101DFC-C0FA-4ED1-862C-5D80AD55BAC4}.Debug|Any CPU.ActiveCfg = Debug|Any CPU
		{12101DFC-C0FA-4ED1-862C-5D80AD55BAC4}.Debug|Any CPU.Build.0 = Debug|Any CPU
		{12101DFC-C0FA-4ED1-862C-5D80AD55BAC4}.Release|Any CPU.ActiveCfg = Release|Any CPU
		{12101DFC-C0FA-4ED1-862C-5D80AD55BAC4}.Release|Any CPU.Build.0 = Release|Any CPU
		{20FC5DD0-30E2-4925-A357-BD4B64D6AEB2}.Debug|Any CPU.ActiveCfg = Debug|Any CPU
		{20FC5DD0-30E2-4925-A357-BD4B64D6AEB2}.Debug|Any CPU.Build.0 = Debug|Any CPU
		{20FC5DD0-30E2-4925-A357-BD4B64D6AEB2}.Release|Any CPU.ActiveCfg = Release|Any CPU
		{20FC5DD0-30E2-4925-A357-BD4B64D6AEB2}.Release|Any CPU.Build.0 = Release|Any CPU
	EndGlobalSection
	GlobalSection(SolutionProperties) = preSolution
		HideSolutionNode = FALSE
	EndGlobalSection
	GlobalSection(ExtensibilityGlobals) = postSolution
		SolutionGuid = {0ADB0983-79DD-4DAE-A772-4D1EE65CFCB3}
	EndGlobalSection
EndGlobal
